
Microsoft Visual Studio Solution File, Format Version 12.00
# Visual Studio Version 16
VisualStudioVersion = 16.0.30907.101
MinimumVisualStudioVersion = 10.0.40219.1
Project("{FAE04EC0-301F-11D3-BF4B-00C04F79EFBC}") = "ConsoleAsciiArt", "ConsoleAsciiArt\ConsoleAsciiArt.csproj", "{595465C9-0FF3-47E3-8475-A87416C08287}"
EndProject
Global
	GlobalSection(SolutionConfigurationPlatforms) = preSolution
		Debug|Any CPU = Debug|Any CPU
		Release|Any CPU = Release|Any CPU
	EndGlobalSection
	GlobalSection(ProjectConfigurationPlatforms) = postSolution
		{595465C9-0FF3-47E3-8475-A87416C08287}.Debug|Any CPU.ActiveCfg = Debug|Any CPU
		{595465C9-0FF3-47E3-8475-A87416C08287}.Debug|Any CPU.Build.0 = Debug|Any CPU
		{595465C9-0FF3-47E3-8475-A87416C08287}.Release|Any CPU.ActiveCfg = Release|Any CPU
		{595465C9-0FF3-47E3-8475-A87416C08287}.Release|Any CPU.Build.0 = Release|Any CPU
	EndGlobalSection
	GlobalSection(SolutionProperties) = preSolution
		HideSolutionNode = FALSE
	EndGlobalSection
	GlobalSection(ExtensibilityGlobals) = postSolution
		SolutionGuid = {668D1412-CCC8-4422-AA28-B70F440E3903}
	EndGlobalSection
EndGlobal
