
Microsoft Visual Studio Solution File, Format Version 12.00
# Visual Studio Version 16
VisualStudioVersion = 16.0.30907.101
MinimumVisualStudioVersion = 10.0.40219.1
Project("{FAE04EC0-301F-11D3-BF4B-00C04F79EFBC}") = "ConsoleBankautomaat", "ConsoleBankautomaat\ConsoleBankautomaat.csproj", "{D1E9FCFD-300A-4941-8B73-EBEF01192F39}"
EndProject
Project("{FAE04EC0-301F-11D3-BF4B-00C04F79EFBC}") = "WpfChat", "WpfChat\WpfChat.csproj", "{6F9A0D8B-53B6-424B-BA39-E8CF80A2923B}"
EndProject
Project("{FAE04EC0-301F-11D3-BF4B-00C04F79EFBC}") = "WpfAlcohol", "WpfAlcohol\WpfAlcohol.csproj", "{501C7A63-62A3-4769-943E-B6067165E114}"
EndProject
Project("{FAE04EC0-301F-11D3-BF4B-00C04F79EFBC}") = "WpfFormChecking", "WpfFormChecking\WpfFormChecking.csproj", "{FBBD2C69-F7BE-4187-82E8-A399BCC6F620}"
EndProject
Project("{FAE04EC0-301F-11D3-BF4B-00C04F79EFBC}") = "WpfOxo", "WpfOxo\WpfOxo.csproj", "{7C1A9545-4946-4881-91F1-306F12882200}"
EndProject
Project("{FAE04EC0-301F-11D3-BF4B-00C04F79EFBC}") = "WpfBlackJack", "WpfApp1\WpfBlackJack.csproj", "{A5BCE553-8094-46AE-9675-0CE683FFD16B}"
EndProject
Global
	GlobalSection(SolutionConfigurationPlatforms) = preSolution
		Debug|Any CPU = Debug|Any CPU
		Release|Any CPU = Release|Any CPU
	EndGlobalSection
	GlobalSection(ProjectConfigurationPlatforms) = postSolution
		{D1E9FCFD-300A-4941-8B73-EBEF01192F39}.Debug|Any CPU.ActiveCfg = Debug|Any CPU
		{D1E9FCFD-300A-4941-8B73-EBEF01192F39}.Debug|Any CPU.Build.0 = Debug|Any CPU
		{D1E9FCFD-300A-4941-8B73-EBEF01192F39}.Release|Any CPU.ActiveCfg = Release|Any CPU
		{D1E9FCFD-300A-4941-8B73-EBEF01192F39}.Release|Any CPU.Build.0 = Release|Any CPU
		{6F9A0D8B-53B6-424B-BA39-E8CF80A2923B}.Debug|Any CPU.ActiveCfg = Debug|Any CPU
		{6F9A0D8B-53B6-424B-BA39-E8CF80A2923B}.Debug|Any CPU.Build.0 = Debug|Any CPU
		{6F9A0D8B-53B6-424B-BA39-E8CF80A2923B}.Release|Any CPU.ActiveCfg = Release|Any CPU
		{6F9A0D8B-53B6-424B-BA39-E8CF80A2923B}.Release|Any CPU.Build.0 = Release|Any CPU
		{501C7A63-62A3-4769-943E-B6067165E114}.Debug|Any CPU.ActiveCfg = Debug|Any CPU
		{501C7A63-62A3-4769-943E-B6067165E114}.Debug|Any CPU.Build.0 = Debug|Any CPU
		{501C7A63-62A3-4769-943E-B6067165E114}.Release|Any CPU.ActiveCfg = Release|Any CPU
		{501C7A63-62A3-4769-943E-B6067165E114}.Release|Any CPU.Build.0 = Release|Any CPU
		{FBBD2C69-F7BE-4187-82E8-A399BCC6F620}.Debug|Any CPU.ActiveCfg = Debug|Any CPU
		{FBBD2C69-F7BE-4187-82E8-A399BCC6F620}.Debug|Any CPU.Build.0 = Debug|Any CPU
		{FBBD2C69-F7BE-4187-82E8-A399BCC6F620}.Release|Any CPU.ActiveCfg = Release|Any CPU
		{FBBD2C69-F7BE-4187-82E8-A399BCC6F620}.Release|Any CPU.Build.0 = Release|Any CPU
		{7C1A9545-4946-4881-91F1-306F12882200}.Debug|Any CPU.ActiveCfg = Debug|Any CPU
		{7C1A9545-4946-4881-91F1-306F12882200}.Debug|Any CPU.Build.0 = Debug|Any CPU
		{7C1A9545-4946-4881-91F1-306F12882200}.Release|Any CPU.ActiveCfg = Release|Any CPU
		{7C1A9545-4946-4881-91F1-306F12882200}.Release|Any CPU.Build.0 = Release|Any CPU
		{A5BCE553-8094-46AE-9675-0CE683FFD16B}.Debug|Any CPU.ActiveCfg = Debug|Any CPU
		{A5BCE553-8094-46AE-9675-0CE683FFD16B}.Debug|Any CPU.Build.0 = Debug|Any CPU
		{A5BCE553-8094-46AE-9675-0CE683FFD16B}.Release|Any CPU.ActiveCfg = Release|Any CPU
		{A5BCE553-8094-46AE-9675-0CE683FFD16B}.Release|Any CPU.Build.0 = Release|Any CPU
	EndGlobalSection
	GlobalSection(SolutionProperties) = preSolution
		HideSolutionNode = FALSE
	EndGlobalSection
	GlobalSection(ExtensibilityGlobals) = postSolution
		SolutionGuid = {EF6639DA-9B63-4849-8CE7-6FF57A22DB1B}
	EndGlobalSection
EndGlobal
