
Microsoft Visual Studio Solution File, Format Version 12.00
# Visual Studio Version 16
VisualStudioVersion = 16.0.30907.101
MinimumVisualStudioVersion = 10.0.40219.1
Project("{FAE04EC0-301F-11D3-BF4B-00C04F79EFBC}") = "ConsoleAsciiArt", "ConsoleAsciiArt\ConsoleAsciiArt.csproj", "{467498FC-6AC1-447A-AC66-9C4E6E77924C}"
EndProject
Project("{FAE04EC0-301F-11D3-BF4B-00C04F79EFBC}") = "ConsoleKarakter", "ConsoleKarakter\ConsoleKarakter.csproj", "{E6C982E0-CD89-4FDB-BA75-2A612D40E3FE}"
EndProject
Project("{FAE04EC0-301F-11D3-BF4B-00C04F79EFBC}") = "ConsoleKlinkers", "ConsoleKlinkers\ConsoleKlinkers.csproj", "{61C751A7-D021-4F3F-867D-01FF419E1E91}"
EndProject
Project("{FAE04EC0-301F-11D3-BF4B-00C04F79EFBC}") = "WpfTimer", "WpfApp1\WpfTimer.csproj", "{2C41F9D7-E43E-4427-A58D-E09B4BE31BF3}"
EndProject
Global
	GlobalSection(SolutionConfigurationPlatforms) = preSolution
		Debug|Any CPU = Debug|Any CPU
		Release|Any CPU = Release|Any CPU
	EndGlobalSection
	GlobalSection(ProjectConfigurationPlatforms) = postSolution
		{467498FC-6AC1-447A-AC66-9C4E6E77924C}.Debug|Any CPU.ActiveCfg = Debug|Any CPU
		{467498FC-6AC1-447A-AC66-9C4E6E77924C}.Debug|Any CPU.Build.0 = Debug|Any CPU
		{467498FC-6AC1-447A-AC66-9C4E6E77924C}.Release|Any CPU.ActiveCfg = Release|Any CPU
		{467498FC-6AC1-447A-AC66-9C4E6E77924C}.Release|Any CPU.Build.0 = Release|Any CPU
		{E6C982E0-CD89-4FDB-BA75-2A612D40E3FE}.Debug|Any CPU.ActiveCfg = Debug|Any CPU
		{E6C982E0-CD89-4FDB-BA75-2A612D40E3FE}.Debug|Any CPU.Build.0 = Debug|Any CPU
		{E6C982E0-CD89-4FDB-BA75-2A612D40E3FE}.Release|Any CPU.ActiveCfg = Release|Any CPU
		{E6C982E0-CD89-4FDB-BA75-2A612D40E3FE}.Release|Any CPU.Build.0 = Release|Any CPU
		{61C751A7-D021-4F3F-867D-01FF419E1E91}.Debug|Any CPU.ActiveCfg = Debug|Any CPU
		{61C751A7-D021-4F3F-867D-01FF419E1E91}.Debug|Any CPU.Build.0 = Debug|Any CPU
		{61C751A7-D021-4F3F-867D-01FF419E1E91}.Release|Any CPU.ActiveCfg = Release|Any CPU
		{61C751A7-D021-4F3F-867D-01FF419E1E91}.Release|Any CPU.Build.0 = Release|Any CPU
		{2C41F9D7-E43E-4427-A58D-E09B4BE31BF3}.Debug|Any CPU.ActiveCfg = Debug|Any CPU
		{2C41F9D7-E43E-4427-A58D-E09B4BE31BF3}.Debug|Any CPU.Build.0 = Debug|Any CPU
		{2C41F9D7-E43E-4427-A58D-E09B4BE31BF3}.Release|Any CPU.ActiveCfg = Release|Any CPU
		{2C41F9D7-E43E-4427-A58D-E09B4BE31BF3}.Release|Any CPU.Build.0 = Release|Any CPU
	EndGlobalSection
	GlobalSection(SolutionProperties) = preSolution
		HideSolutionNode = FALSE
	EndGlobalSection
	GlobalSection(ExtensibilityGlobals) = postSolution
		SolutionGuid = {72747EF4-6611-4927-A3BE-F6AAE3977A21}
	EndGlobalSection
EndGlobal
